
Microsoft Visual Studio Solution File, Format Version 12.00
# Visual Studio 15
Project("{FAE04EC0-301F-11D3-BF4B-00C04F79EFBC}") = "IngameDebugConsole.Runtime", "IngameDebugConsole.Runtime.csproj", "{FB6B2B7F-2435-C449-DC8D-41B60E242ECB}"
EndProject
Project("{FAE04EC0-301F-11D3-BF4B-00C04F79EFBC}") = "Assembly-CSharp", "Assembly-CSharp.csproj", "{213B3B18-4565-4A70-6EC7-65842CC65853}"
EndProject
Project("{FAE04EC0-301F-11D3-BF4B-00C04F79EFBC}") = "IngameDebugConsole.Editor", "IngameDebugConsole.Editor.csproj", "{24DEF05F-8EC7-9AB1-3557-8A6489C36E75}"
EndProject
Global
	GlobalSection(SolutionConfigurationPlatforms) = preSolution
		Debug|Any CPU = Debug|Any CPU
		Release|Any CPU = Release|Any CPU
	EndGlobalSection
	GlobalSection(ProjectConfigurationPlatforms) = postSolution
		{FB6B2B7F-2435-C449-DC8D-41B60E242ECB}.Debug|Any CPU.ActiveCfg = Debug|Any CPU
		{FB6B2B7F-2435-C449-DC8D-41B60E242ECB}.Debug|Any CPU.Build.0 = Debug|Any CPU
		{FB6B2B7F-2435-C449-DC8D-41B60E242ECB}.Release|Any CPU.ActiveCfg = Release|Any CPU
		{FB6B2B7F-2435-C449-DC8D-41B60E242ECB}.Release|Any CPU.Build.0 = Release|Any CPU
		{213B3B18-4565-4A70-6EC7-65842CC65853}.Debug|Any CPU.ActiveCfg = Debug|Any CPU
		{213B3B18-4565-4A70-6EC7-65842CC65853}.Debug|Any CPU.Build.0 = Debug|Any CPU
		{213B3B18-4565-4A70-6EC7-65842CC65853}.Release|Any CPU.ActiveCfg = Release|Any CPU
		{213B3B18-4565-4A70-6EC7-65842CC65853}.Release|Any CPU.Build.0 = Release|Any CPU
		{24DEF05F-8EC7-9AB1-3557-8A6489C36E75}.Debug|Any CPU.ActiveCfg = Debug|Any CPU
		{24DEF05F-8EC7-9AB1-3557-8A6489C36E75}.Debug|Any CPU.Build.0 = Debug|Any CPU
		{24DEF05F-8EC7-9AB1-3557-8A6489C36E75}.Release|Any CPU.ActiveCfg = Release|Any CPU
		{24DEF05F-8EC7-9AB1-3557-8A6489C36E75}.Release|Any CPU.Build.0 = Release|Any CPU
	EndGlobalSection
	GlobalSection(SolutionProperties) = preSolution
		HideSolutionNode = FALSE
	EndGlobalSection
EndGlobal
